
Microsoft Visual Studio Solution File, Format Version 12.00
# Visual Studio Version 17
VisualStudioVersion = 17.8.34330.188
MinimumVisualStudioVersion = 10.0.40219.1
Project("{9A19103F-16F7-4668-BE54-9A1E7A4F7556}") = "FlightPanelApp", "FlightPanelApp.csproj", "{A7ED667D-1E27-4027-AA4F-49ECA10CCCDE}"
EndProject
Global
	GlobalSection(SolutionConfigurationPlatforms) = preSolution
		Debug|Any CPU = Debug|Any CPU
		Release|Any CPU = Release|Any CPU
	EndGlobalSection
	GlobalSection(ProjectConfigurationPlatforms) = postSolution
		{A7ED667D-1E27-4027-AA4F-49ECA10CCCDE}.Debug|Any CPU.ActiveCfg = Debug|Any CPU
		{A7ED667D-1E27-4027-AA4F-49ECA10CCCDE}.Debug|Any CPU.Build.0 = Debug|Any CPU
		{A7ED667D-1E27-4027-AA4F-49ECA10CCCDE}.Release|Any CPU.ActiveCfg = Release|Any CPU
		{A7ED667D-1E27-4027-AA4F-49ECA10CCCDE}.Release|Any CPU.Build.0 = Release|Any CPU
	EndGlobalSection
	GlobalSection(SolutionProperties) = preSolution
		HideSolutionNode = FALSE
	EndGlobalSection
	GlobalSection(ExtensibilityGlobals) = postSolution
		SolutionGuid = {6D2D9FF0-89D5-454F-81E6-04F5B3370519}
	EndGlobalSection
EndGlobal
